
Microsoft Visual Studio Solution File, Format Version 12.00
# Visual Studio 15
VisualStudioVersion = 15.0.28307.489
MinimumVisualStudioVersion = 10.0.40219.1
Project("{8BC9CEB8-8B4A-11D0-8D11-00A0C91BC942}") = "2.1", "2.1-BridgesAndCutPoint\lab2.vcxproj", "{0A9A1AD2-BACB-44C0-8FF5-99C9C00D8D80}"
EndProject
Global
	GlobalSection(SolutionConfigurationPlatforms) = preSolution
		Debug|x64 = Debug|x64
		Debug|x86 = Debug|x86
		Release|x64 = Release|x64
		Release|x86 = Release|x86
	EndGlobalSection
	GlobalSection(ProjectConfigurationPlatforms) = postSolution
		{0A9A1AD2-BACB-44C0-8FF5-99C9C00D8D80}.Debug|x64.ActiveCfg = Debug|x64
		{0A9A1AD2-BACB-44C0-8FF5-99C9C00D8D80}.Debug|x64.Build.0 = Debug|x64
		{0A9A1AD2-BACB-44C0-8FF5-99C9C00D8D80}.Debug|x86.ActiveCfg = Debug|Win32
		{0A9A1AD2-BACB-44C0-8FF5-99C9C00D8D80}.Debug|x86.Build.0 = Debug|Win32
		{0A9A1AD2-BACB-44C0-8FF5-99C9C00D8D80}.Release|x64.ActiveCfg = Release|x64
		{0A9A1AD2-BACB-44C0-8FF5-99C9C00D8D80}.Release|x64.Build.0 = Release|x64
		{0A9A1AD2-BACB-44C0-8FF5-99C9C00D8D80}.Release|x86.ActiveCfg = Release|Win32
		{0A9A1AD2-BACB-44C0-8FF5-99C9C00D8D80}.Release|x86.Build.0 = Release|Win32
	EndGlobalSection
	GlobalSection(SolutionProperties) = preSolution
		HideSolutionNode = FALSE
	EndGlobalSection
	GlobalSection(ExtensibilityGlobals) = postSolution
		SolutionGuid = {3271AA49-92F9-4151-AE8F-91308E9F70F3}
	EndGlobalSection
EndGlobal
